
Microsoft Visual Studio Solution File, Format Version 12.00
# Visual Studio Version 16
VisualStudioVersion = 16.0.30907.101
MinimumVisualStudioVersion = 10.0.40219.1
Project("{FAE04EC0-301F-11D3-BF4B-00C04F79EFBC}") = "Palindrom1", "Palindrom1\Palindrom1.csproj", "{46BD2879-746F-4082-B67E-54C0DEABC2E6}"
EndProject
Global
	GlobalSection(SolutionConfigurationPlatforms) = preSolution
		Debug|Any CPU = Debug|Any CPU
		Release|Any CPU = Release|Any CPU
	EndGlobalSection
	GlobalSection(ProjectConfigurationPlatforms) = postSolution
		{46BD2879-746F-4082-B67E-54C0DEABC2E6}.Debug|Any CPU.ActiveCfg = Debug|Any CPU
		{46BD2879-746F-4082-B67E-54C0DEABC2E6}.Debug|Any CPU.Build.0 = Debug|Any CPU
		{46BD2879-746F-4082-B67E-54C0DEABC2E6}.Release|Any CPU.ActiveCfg = Release|Any CPU
		{46BD2879-746F-4082-B67E-54C0DEABC2E6}.Release|Any CPU.Build.0 = Release|Any CPU
	EndGlobalSection
	GlobalSection(SolutionProperties) = preSolution
		HideSolutionNode = FALSE
	EndGlobalSection
	GlobalSection(ExtensibilityGlobals) = postSolution
		SolutionGuid = {E3E3975D-0CB3-482E-BFDE-E3AE4D53F02D}
	EndGlobalSection
EndGlobal
